
Microsoft Visual Studio Solution File, Format Version 12.00
# Visual Studio Version 17
VisualStudioVersion = 17.10.35122.118
MinimumVisualStudioVersion = 10.0.40219.1
Project("{FAE04EC0-301F-11D3-BF4B-00C04F79EFBC}") = "AsisRestfulAPIProject", "AsisRestfulAPIProject\AsisRestfulAPIProject.csproj", "{ADC78F45-2806-4F6C-BC65-586050796F84}"
EndProject
Global
	GlobalSection(SolutionConfigurationPlatforms) = preSolution
		Debug|Any CPU = Debug|Any CPU
		Release|Any CPU = Release|Any CPU
	EndGlobalSection
	GlobalSection(ProjectConfigurationPlatforms) = postSolution
		{ADC78F45-2806-4F6C-BC65-586050796F84}.Debug|Any CPU.ActiveCfg = Debug|Any CPU
		{ADC78F45-2806-4F6C-BC65-586050796F84}.Debug|Any CPU.Build.0 = Debug|Any CPU
		{ADC78F45-2806-4F6C-BC65-586050796F84}.Release|Any CPU.ActiveCfg = Release|Any CPU
		{ADC78F45-2806-4F6C-BC65-586050796F84}.Release|Any CPU.Build.0 = Release|Any CPU
	EndGlobalSection
	GlobalSection(SolutionProperties) = preSolution
		HideSolutionNode = FALSE
	EndGlobalSection
	GlobalSection(ExtensibilityGlobals) = postSolution
		SolutionGuid = {A1279B7A-0D43-4BA1-B8E3-C0BD2EE2B3C9}
	EndGlobalSection
EndGlobal
